// !$*UTF8*$!
{
	archiveVersion = 1;
	classes = {
	};
	objectVersion = 56;
	objects = {

/* Begin PBXBuildFile section */
		3001E6FA2B8426E0003B09B1 /* MetadataLogger.swift in Sources */ = {isa = PBXBuildFile; fileRef = 3001E6F92B8426E0003B09B1 /* MetadataLogger.swift */; };
		972889942BE2F3D200BB9A14 /* WatchSessionManager.swift in Sources */ = {isa = PBXBuildFile; fileRef = 972889932BE2F3D200BB9A14 /* WatchSessionManager.swift */; };
		972889962BE2F5E500BB9A14 /* PhoneSessionManager.swift in Sources */ = {isa = PBXBuildFile; fileRef = 972889952BE2F5E500BB9A14 /* PhoneSessionManager.swift */; };
		97349CEB2AF1679300021CA3 /* RawMotionRow.swift in Sources */ = {isa = PBXBuildFile; fileRef = 97349CEA2AF1679300021CA3 /* RawMotionRow.swift */; };
		9749DA442C0F532A00E2EA84 /* CoreDataController.swift in Sources */ = {isa = PBXBuildFile; fileRef = 9797363F2AEB1AB4009BCFF0 /* CoreDataController.swift */; };
		977E74C82BE98952009A36AD /* SampleSet+CoreDataClass.swift in Sources */ = {isa = PBXBuildFile; fileRef = 97FAC8492BD850A4003E65E7 /* SampleSet+CoreDataClass.swift */; };
		977E74C92BE98955009A36AD /* SampleSet+CoreDataProperties.swift in Sources */ = {isa = PBXBuildFile; fileRef = 97FAC84A2BD850A4003E65E7 /* SampleSet+CoreDataProperties.swift */; };
		977E74CA2BE98957009A36AD /* SensorSample+CoreDataClass.swift in Sources */ = {isa = PBXBuildFile; fileRef = 97FAC84B2BD850A4003E65E7 /* SensorSample+CoreDataClass.swift */; };
		977E74CB2BE9895A009A36AD /* SensorSample+CoreDataProperties.swift in Sources */ = {isa = PBXBuildFile; fileRef = 97FAC84C2BD850A4003E65E7 /* SensorSample+CoreDataProperties.swift */; };
		977E74CC2BE9895D009A36AD /* Bob.xcdatamodeld in Sources */ = {isa = PBXBuildFile; fileRef = 9797363C2AEB15B8009BCFF0 /* Bob.xcdatamodeld */; };
		978D10672AE3049400310B26 /* LogbookView.swift in Sources */ = {isa = PBXBuildFile; fileRef = 978D10662AE3049400310B26 /* LogbookView.swift */; };
		978D107A2AE70F8F00310B26 /* LogbookRow.swift in Sources */ = {isa = PBXBuildFile; fileRef = 978D10782AE70F8F00310B26 /* LogbookRow.swift */; };
		9794676F2BEE8A0D00DF6E0B /* ListRow.swift in Sources */ = {isa = PBXBuildFile; fileRef = 9794676E2BEE8A0D00DF6E0B /* ListRow.swift */; };
		9797363E2AEB15B8009BCFF0 /* Bob.xcdatamodeld in Sources */ = {isa = PBXBuildFile; fileRef = 9797363C2AEB15B8009BCFF0 /* Bob.xcdatamodeld */; };
		979736402AEB1AB4009BCFF0 /* CoreDataController.swift in Sources */ = {isa = PBXBuildFile; fileRef = 9797363F2AEB1AB4009BCFF0 /* CoreDataController.swift */; };
		97B104A32AE7160200FE81DC /* LogbookDetail.swift in Sources */ = {isa = PBXBuildFile; fileRef = 97B104A22AE7160200FE81DC /* LogbookDetail.swift */; };
		97B104AA2AE9771700FE81DC /* SensorManager.swift in Sources */ = {isa = PBXBuildFile; fileRef = 97B104A92AE9771700FE81DC /* SensorManager.swift */; };
		97B1CED82C22041D00F771FB /* TimeStampManager.swift in Sources */ = {isa = PBXBuildFile; fileRef = 97B1CED72C22041D00F771FB /* TimeStampManager.swift */; };
		97B1CED92C22041D00F771FB /* TimeStampManager.swift in Sources */ = {isa = PBXBuildFile; fileRef = 97B1CED72C22041D00F771FB /* TimeStampManager.swift */; };
		97CE319C2AED6ADE009335C9 /* LocationDataManager.swift in Sources */ = {isa = PBXBuildFile; fileRef = 97CE319B2AED6ADE009335C9 /* LocationDataManager.swift */; };
		97DF8E992AE195FA00A33A80 /* BoBApp.swift in Sources */ = {isa = PBXBuildFile; fileRef = 97DF8E982AE195FA00A33A80 /* BoBApp.swift */; };
		97DF8E9B2AE195FA00A33A80 /* ContentView.swift in Sources */ = {isa = PBXBuildFile; fileRef = 97DF8E9A2AE195FA00A33A80 /* ContentView.swift */; };
		97DF8E9D2AE195FB00A33A80 /* Assets.xcassets in Resources */ = {isa = PBXBuildFile; fileRef = 97DF8E9C2AE195FB00A33A80 /* Assets.xcassets */; };
		97DF8EA02AE195FB00A33A80 /* Preview Assets.xcassets in Resources */ = {isa = PBXBuildFile; fileRef = 97DF8E9F2AE195FB00A33A80 /* Preview Assets.xcassets */; };
		97DF8EAD2AE1968500A33A80 /* watchBoBApp.swift in Sources */ = {isa = PBXBuildFile; fileRef = 97DF8EAC2AE1968500A33A80 /* watchBoBApp.swift */; };
		97DF8EAF2AE1968500A33A80 /* ContentView.swift in Sources */ = {isa = PBXBuildFile; fileRef = 97DF8EAE2AE1968500A33A80 /* ContentView.swift */; };
		97DF8EB12AE1968600A33A80 /* Assets.xcassets in Resources */ = {isa = PBXBuildFile; fileRef = 97DF8EB02AE1968600A33A80 /* Assets.xcassets */; };
		97DF8EB42AE1968600A33A80 /* Preview Assets.xcassets in Resources */ = {isa = PBXBuildFile; fileRef = 97DF8EB32AE1968600A33A80 /* Preview Assets.xcassets */; };
		97DF8EB72AE1968600A33A80 /* BoB.app in Embed Watch Content */ = {isa = PBXBuildFile; fileRef = 97DF8EAA2AE1968500A33A80 /* BoB.app */; settings = {ATTRIBUTES = (RemoveHeadersOnCopy, ); }; };
		97DF8EBD2AE1D9AF00A33A80 /* LogDataView.swift in Sources */ = {isa = PBXBuildFile; fileRef = 97DF8EBC2AE1D9AE00A33A80 /* LogDataView.swift */; };
		97E505832B472F9700334D6F /* LogbookDetail.swift in Sources */ = {isa = PBXBuildFile; fileRef = 97E505822B472F9700334D6F /* LogbookDetail.swift */; };
		97FAC84D2BD850A4003E65E7 /* SampleSet+CoreDataClass.swift in Sources */ = {isa = PBXBuildFile; fileRef = 97FAC8492BD850A4003E65E7 /* SampleSet+CoreDataClass.swift */; };
		97FAC84E2BD850A4003E65E7 /* SampleSet+CoreDataProperties.swift in Sources */ = {isa = PBXBuildFile; fileRef = 97FAC84A2BD850A4003E65E7 /* SampleSet+CoreDataProperties.swift */; };
		97FAC84F2BD850A4003E65E7 /* SensorSample+CoreDataClass.swift in Sources */ = {isa = PBXBuildFile; fileRef = 97FAC84B2BD850A4003E65E7 /* SensorSample+CoreDataClass.swift */; };
		97FAC8502BD850A4003E65E7 /* SensorSample+CoreDataProperties.swift in Sources */ = {isa = PBXBuildFile; fileRef = 97FAC84C2BD850A4003E65E7 /* SensorSample+CoreDataProperties.swift */; };
		97FC9EE62C1CFA1D0076F30E /* WatchSensorData.swift in Sources */ = {isa = PBXBuildFile; fileRef = 97FC9EE52C1CFA1D0076F30E /* WatchSensorData.swift */; };
		FCBA60C02C65490400E01B1F /* GPSData.swift in Sources */ = {isa = PBXBuildFile; fileRef = FCBA60BF2C65490400E01B1F /* GPSData.swift */; };
		FCBA60C12C65490400E01B1F /* GPSData.swift in Sources */ = {isa = PBXBuildFile; fileRef = FCBA60BF2C65490400E01B1F /* GPSData.swift */; };
/* End PBXBuildFile section */

/* Begin PBXContainerItemProxy section */
		301112422B96AEBC0035D079 /* PBXContainerItemProxy */ = {
			isa = PBXContainerItemProxy;
			containerPortal = 97DF8E8D2AE195FA00A33A80 /* Project object */;
			proxyType = 1;
			remoteGlobalIDString = 97DF8E942AE195FA00A33A80;
			remoteInfo = BoB;
		};
		3011124F2B96B17E0035D079 /* PBXContainerItemProxy */ = {
			isa = PBXContainerItemProxy;
			containerPortal = 97DF8E8D2AE195FA00A33A80 /* Project object */;
			proxyType = 1;
			remoteGlobalIDString = 97DF8EA92AE1968500A33A80;
			remoteInfo = "watchBoB Watch App";
		};
		97DF8EB52AE1968600A33A80 /* PBXContainerItemProxy */ = {
			isa = PBXContainerItemProxy;
			containerPortal = 97DF8E8D2AE195FA00A33A80 /* Project object */;
			proxyType = 1;
			remoteGlobalIDString = 97DF8EA92AE1968500A33A80;
			remoteInfo = "watchBoB Watch App";
		};
/* End PBXContainerItemProxy section */

/* Begin PBXCopyFilesBuildPhase section */
		97DF8EBB2AE1968600A33A80 /* Embed Watch Content */ = {
			isa = PBXCopyFilesBuildPhase;
			buildActionMask = 2147483647;
			dstPath = "$(CONTENTS_FOLDER_PATH)/Watch";
			dstSubfolderSpec = 16;
			files = (
				97DF8EB72AE1968600A33A80 /* BoB.app in Embed Watch Content */,
			);
			name = "Embed Watch Content";
			runOnlyForDeploymentPostprocessing = 0;
		};
/* End PBXCopyFilesBuildPhase section */

/* Begin PBXFileReference section */
		3001E6F92B8426E0003B09B1 /* MetadataLogger.swift */ = {isa = PBXFileReference; lastKnownFileType = sourcecode.swift; path = MetadataLogger.swift; sourceTree = "<group>"; };
		3011123E2B96AEBC0035D079 /* BoBTests.xctest */ = {isa = PBXFileReference; explicitFileType = wrapper.cfbundle; includeInIndex = 0; path = BoBTests.xctest; sourceTree = BUILT_PRODUCTS_DIR; };
		3011124B2B96B17E0035D079 /* watchBoB Watch AppTests.xctest */ = {isa = PBXFileReference; explicitFileType = wrapper.cfbundle; includeInIndex = 0; path = "watchBoB Watch AppTests.xctest"; sourceTree = BUILT_PRODUCTS_DIR; };
		972889932BE2F3D200BB9A14 /* WatchSessionManager.swift */ = {isa = PBXFileReference; lastKnownFileType = sourcecode.swift; path = WatchSessionManager.swift; sourceTree = "<group>"; };
		972889952BE2F5E500BB9A14 /* PhoneSessionManager.swift */ = {isa = PBXFileReference; lastKnownFileType = sourcecode.swift; path = PhoneSessionManager.swift; sourceTree = "<group>"; };
		97349CEA2AF1679300021CA3 /* RawMotionRow.swift */ = {isa = PBXFileReference; lastKnownFileType = sourcecode.swift; path = RawMotionRow.swift; sourceTree = "<group>"; };
		978D10662AE3049400310B26 /* LogbookView.swift */ = {isa = PBXFileReference; lastKnownFileType = sourcecode.swift; path = LogbookView.swift; sourceTree = "<group>"; };
		978D10782AE70F8F00310B26 /* LogbookRow.swift */ = {isa = PBXFileReference; lastKnownFileType = sourcecode.swift; path = LogbookRow.swift; sourceTree = "<group>"; };
		9794676E2BEE8A0D00DF6E0B /* ListRow.swift */ = {isa = PBXFileReference; lastKnownFileType = sourcecode.swift; path = ListRow.swift; sourceTree = "<group>"; };
		9797363D2AEB15B8009BCFF0 /* Bob.xcdatamodel */ = {isa = PBXFileReference; lastKnownFileType = wrapper.xcdatamodel; path = Bob.xcdatamodel; sourceTree = "<group>"; };
		9797363F2AEB1AB4009BCFF0 /* CoreDataController.swift */ = {isa = PBXFileReference; lastKnownFileType = sourcecode.swift; path = CoreDataController.swift; sourceTree = "<group>"; };
		97B104A22AE7160200FE81DC /* LogbookDetail.swift */ = {isa = PBXFileReference; lastKnownFileType = sourcecode.swift; path = LogbookDetail.swift; sourceTree = "<group>"; };
		97B104A92AE9771700FE81DC /* SensorManager.swift */ = {isa = PBXFileReference; lastKnownFileType = sourcecode.swift; path = SensorManager.swift; sourceTree = "<group>"; };
		97B1CED72C22041D00F771FB /* TimeStampManager.swift */ = {isa = PBXFileReference; lastKnownFileType = sourcecode.swift; path = TimeStampManager.swift; sourceTree = "<group>"; };
		97CE319B2AED6ADE009335C9 /* LocationDataManager.swift */ = {isa = PBXFileReference; lastKnownFileType = sourcecode.swift; path = LocationDataManager.swift; sourceTree = "<group>"; };
		97DF8E952AE195FA00A33A80 /* BoB.app */ = {isa = PBXFileReference; explicitFileType = wrapper.application; includeInIndex = 0; path = BoB.app; sourceTree = BUILT_PRODUCTS_DIR; };
		97DF8E982AE195FA00A33A80 /* BoBApp.swift */ = {isa = PBXFileReference; lastKnownFileType = sourcecode.swift; path = BoBApp.swift; sourceTree = "<group>"; };
		97DF8E9A2AE195FA00A33A80 /* ContentView.swift */ = {isa = PBXFileReference; lastKnownFileType = sourcecode.swift; path = ContentView.swift; sourceTree = "<group>"; };
		97DF8E9C2AE195FB00A33A80 /* Assets.xcassets */ = {isa = PBXFileReference; lastKnownFileType = folder.assetcatalog; path = Assets.xcassets; sourceTree = "<group>"; };
		97DF8E9F2AE195FB00A33A80 /* Preview Assets.xcassets */ = {isa = PBXFileReference; lastKnownFileType = folder.assetcatalog; path = "Preview Assets.xcassets"; sourceTree = "<group>"; };
		97DF8EAA2AE1968500A33A80 /* BoB.app */ = {isa = PBXFileReference; explicitFileType = wrapper.application; includeInIndex = 0; path = BoB.app; sourceTree = BUILT_PRODUCTS_DIR; };
		97DF8EAC2AE1968500A33A80 /* watchBoBApp.swift */ = {isa = PBXFileReference; lastKnownFileType = sourcecode.swift; path = watchBoBApp.swift; sourceTree = "<group>"; };
		97DF8EAE2AE1968500A33A80 /* ContentView.swift */ = {isa = PBXFileReference; lastKnownFileType = sourcecode.swift; path = ContentView.swift; sourceTree = "<group>"; };
		97DF8EB02AE1968600A33A80 /* Assets.xcassets */ = {isa = PBXFileReference; lastKnownFileType = folder.assetcatalog; path = Assets.xcassets; sourceTree = "<group>"; };
		97DF8EB32AE1968600A33A80 /* Preview Assets.xcassets */ = {isa = PBXFileReference; lastKnownFileType = folder.assetcatalog; path = "Preview Assets.xcassets"; sourceTree = "<group>"; };
		97DF8EBC2AE1D9AE00A33A80 /* LogDataView.swift */ = {isa = PBXFileReference; lastKnownFileType = sourcecode.swift; path = LogDataView.swift; sourceTree = "<group>"; };
		97E505822B472F9700334D6F /* LogbookDetail.swift */ = {isa = PBXFileReference; lastKnownFileType = sourcecode.swift; path = LogbookDetail.swift; sourceTree = "<group>"; };
		97FAC8492BD850A4003E65E7 /* SampleSet+CoreDataClass.swift */ = {isa = PBXFileReference; lastKnownFileType = sourcecode.swift; path = "SampleSet+CoreDataClass.swift"; sourceTree = "<group>"; };
		97FAC84A2BD850A4003E65E7 /* SampleSet+CoreDataProperties.swift */ = {isa = PBXFileReference; lastKnownFileType = sourcecode.swift; path = "SampleSet+CoreDataProperties.swift"; sourceTree = "<group>"; };
		97FAC84B2BD850A4003E65E7 /* SensorSample+CoreDataClass.swift */ = {isa = PBXFileReference; lastKnownFileType = sourcecode.swift; path = "SensorSample+CoreDataClass.swift"; sourceTree = "<group>"; };
		97FAC84C2BD850A4003E65E7 /* SensorSample+CoreDataProperties.swift */ = {isa = PBXFileReference; lastKnownFileType = sourcecode.swift; path = "SensorSample+CoreDataProperties.swift"; sourceTree = "<group>"; };
		97FC9EE52C1CFA1D0076F30E /* WatchSensorData.swift */ = {isa = PBXFileReference; lastKnownFileType = sourcecode.swift; path = WatchSensorData.swift; sourceTree = "<group>"; };
		FC7B9B302C5FF1C400600C51 /* BoB.entitlements */ = {isa = PBXFileReference; lastKnownFileType = text.plist.entitlements; path = BoB.entitlements; sourceTree = "<group>"; };
		FC7B9B312C5FF1E400600C51 /* watchBoB Watch App.entitlements */ = {isa = PBXFileReference; lastKnownFileType = text.plist.entitlements; path = "watchBoB Watch App.entitlements"; sourceTree = "<group>"; };
		FCBA60BA2C628A7500E01B1F /* Info.plist */ = {isa = PBXFileReference; lastKnownFileType = text.plist; path = Info.plist; sourceTree = "<group>"; };
		FCBA60BB2C628A9600E01B1F /* watchBoB-Watch-App-Info.plist */ = {isa = PBXFileReference; lastKnownFileType = text.plist; path = "watchBoB-Watch-App-Info.plist"; sourceTree = SOURCE_ROOT; };
		FCBA60BF2C65490400E01B1F /* GPSData.swift */ = {isa = PBXFileReference; lastKnownFileType = sourcecode.swift; path = GPSData.swift; sourceTree = "<group>"; };
/* End PBXFileReference section */

/* Begin PBXFrameworksBuildPhase section */
		3011123B2B96AEBC0035D079 /* Frameworks */ = {
			isa = PBXFrameworksBuildPhase;
			buildActionMask = 2147483647;
			files = (
			);
			runOnlyForDeploymentPostprocessing = 0;
		};
		301112482B96B17E0035D079 /* Frameworks */ = {
			isa = PBXFrameworksBuildPhase;
			buildActionMask = 2147483647;
			files = (
			);
			runOnlyForDeploymentPostprocessing = 0;
		};
		97DF8E922AE195FA00A33A80 /* Frameworks */ = {
			isa = PBXFrameworksBuildPhase;
			buildActionMask = 2147483647;
			files = (
			);
			runOnlyForDeploymentPostprocessing = 0;
		};
		97DF8EA72AE1968500A33A80 /* Frameworks */ = {
			isa = PBXFrameworksBuildPhase;
			buildActionMask = 2147483647;
			files = (
			);
			runOnlyForDeploymentPostprocessing = 0;
		};
/* End PBXFrameworksBuildPhase section */

/* Begin PBXGroup section */
		9728898B2BE2E8FD00BB9A14 /* Shared */ = {
			isa = PBXGroup;
			children = (
				972889922BE2E96200BB9A14 /* Models */,
			);
			path = Shared;
			sourceTree = "<group>";
		};
		972889922BE2E96200BB9A14 /* Models */ = {
			isa = PBXGroup;
			children = (
				FCBA60BF2C65490400E01B1F /* GPSData.swift */,
				9797363F2AEB1AB4009BCFF0 /* CoreDataController.swift */,
				97B1CED72C22041D00F771FB /* TimeStampManager.swift */,
				97FAC8492BD850A4003E65E7 /* SampleSet+CoreDataClass.swift */,
				97FAC84A2BD850A4003E65E7 /* SampleSet+CoreDataProperties.swift */,
				97FAC84B2BD850A4003E65E7 /* SensorSample+CoreDataClass.swift */,
				97FAC84C2BD850A4003E65E7 /* SensorSample+CoreDataProperties.swift */,
				9797363C2AEB15B8009BCFF0 /* Bob.xcdatamodeld */,
			);
			path = Models;
			sourceTree = "<group>";
		};
		973AFCFA2AEFEA4B00A29AF0 /* Views */ = {
			isa = PBXGroup;
			children = (
				97E505822B472F9700334D6F /* LogbookDetail.swift */,
				9794676E2BEE8A0D00DF6E0B /* ListRow.swift */,
			);
			path = Views;
			sourceTree = "<group>";
		};
		973AFCFB2AEFEA5200A29AF0 /* Models */ = {
			isa = PBXGroup;
			children = (
				972889952BE2F5E500BB9A14 /* PhoneSessionManager.swift */,
			);
			path = Models;
			sourceTree = "<group>";
		};
		973AFCFC2AEFEA9B00A29AF0 /* Resources */ = {
			isa = PBXGroup;
			children = (
			);
			path = Resources;
			sourceTree = "<group>";
		};
		978D10642AE3044F00310B26 /* LogBook */ = {
			isa = PBXGroup;
			children = (
				978D10662AE3049400310B26 /* LogbookView.swift */,
				978D10782AE70F8F00310B26 /* LogbookRow.swift */,
				97B104A22AE7160200FE81DC /* LogbookDetail.swift */,
			);
			path = LogBook;
			sourceTree = "<group>";
		};
		978D106A2AE6E81100310B26 /* Resources */ = {
			isa = PBXGroup;
			children = (
			);
			path = Resources;
			sourceTree = "<group>";
		};
		978D106E2AE6E88200310B26 /* Models */ = {
			isa = PBXGroup;
			children = (
				97B104AC2AE9777400FE81DC /* LogData */,
				97B104AB2AE9775E00FE81DC /* LogBook */,
			);
			path = Models;
			sourceTree = "<group>";
		};
		97B104AB2AE9775E00FE81DC /* LogBook */ = {
			isa = PBXGroup;
			children = (
				972889932BE2F3D200BB9A14 /* WatchSessionManager.swift */,
			);
			path = LogBook;
			sourceTree = "<group>";
		};
		97B104AC2AE9777400FE81DC /* LogData */ = {
			isa = PBXGroup;
			children = (
				97B104A92AE9771700FE81DC /* SensorManager.swift */,
				97FC9EE52C1CFA1D0076F30E /* WatchSensorData.swift */,
				3001E6F92B8426E0003B09B1 /* MetadataLogger.swift */,
				97CE319B2AED6ADE009335C9 /* LocationDataManager.swift */,
			);
			path = LogData;
			sourceTree = "<group>";
		};
		97DF8E8C2AE195FA00A33A80 = {
			isa = PBXGroup;
			children = (
				9728898B2BE2E8FD00BB9A14 /* Shared */,
				97DF8E972AE195FA00A33A80 /* BoB */,
				97DF8EAB2AE1968500A33A80 /* watchBoB Watch App */,
				97DF8E962AE195FA00A33A80 /* Products */,
			);
			sourceTree = "<group>";
		};
		97DF8E962AE195FA00A33A80 /* Products */ = {
			isa = PBXGroup;
			children = (
				97DF8E952AE195FA00A33A80 /* BoB.app */,
				97DF8EAA2AE1968500A33A80 /* BoB.app */,
				3011123E2B96AEBC0035D079 /* BoBTests.xctest */,
				3011124B2B96B17E0035D079 /* watchBoB Watch AppTests.xctest */,
			);
			name = Products;
			sourceTree = "<group>";
		};
		97DF8E972AE195FA00A33A80 /* BoB */ = {
			isa = PBXGroup;
			children = (
				FCBA60BA2C628A7500E01B1F /* Info.plist */,
				FC7B9B302C5FF1C400600C51 /* BoB.entitlements */,
				97DF8E982AE195FA00A33A80 /* BoBApp.swift */,
				97DF8E9A2AE195FA00A33A80 /* ContentView.swift */,
				973AFCFA2AEFEA4B00A29AF0 /* Views */,
				973AFCFB2AEFEA5200A29AF0 /* Models */,
				97DF8E9E2AE195FB00A33A80 /* Preview Content */,
				973AFCFC2AEFEA9B00A29AF0 /* Resources */,
				97DF8E9C2AE195FB00A33A80 /* Assets.xcassets */,
			);
			path = BoB;
			sourceTree = "<group>";
		};
		97DF8E9E2AE195FB00A33A80 /* Preview Content */ = {
			isa = PBXGroup;
			children = (
				97DF8E9F2AE195FB00A33A80 /* Preview Assets.xcassets */,
			);
			path = "Preview Content";
			sourceTree = "<group>";
		};
		97DF8EAB2AE1968500A33A80 /* watchBoB Watch App */ = {
			isa = PBXGroup;
			children = (
				FCBA60BB2C628A9600E01B1F /* watchBoB-Watch-App-Info.plist */,
				FC7B9B312C5FF1E400600C51 /* watchBoB Watch App.entitlements */,
				97DF8EAC2AE1968500A33A80 /* watchBoBApp.swift */,
				97DF8EAE2AE1968500A33A80 /* ContentView.swift */,
				978D106E2AE6E88200310B26 /* Models */,
				97DF8EC02AE1EBA300A33A80 /* Views */,
				97DF8EB22AE1968600A33A80 /* Preview Content */,
				978D106A2AE6E81100310B26 /* Resources */,
				97DF8EB02AE1968600A33A80 /* Assets.xcassets */,
			);
			path = "watchBoB Watch App";
			sourceTree = "<group>";
		};
		97DF8EB22AE1968600A33A80 /* Preview Content */ = {
			isa = PBXGroup;
			children = (
				97DF8EB32AE1968600A33A80 /* Preview Assets.xcassets */,
			);
			path = "Preview Content";
			sourceTree = "<group>";
		};
		97DF8EC02AE1EBA300A33A80 /* Views */ = {
			isa = PBXGroup;
			children = (
				97DF8EC12AE1EBBF00A33A80 /* LogData */,
				978D10642AE3044F00310B26 /* LogBook */,
			);
			path = Views;
			sourceTree = "<group>";
		};
		97DF8EC12AE1EBBF00A33A80 /* LogData */ = {
			isa = PBXGroup;
			children = (
				97DF8EBC2AE1D9AE00A33A80 /* LogDataView.swift */,
				97349CEA2AF1679300021CA3 /* RawMotionRow.swift */,
			);
			path = LogData;
			sourceTree = "<group>";
		};
/* End PBXGroup section */

/* Begin PBXNativeTarget section */
		3011123D2B96AEBC0035D079 /* BoBTests */ = {
			isa = PBXNativeTarget;
			buildConfigurationList = 301112442B96AEBC0035D079 /* Build configuration list for PBXNativeTarget "BoBTests" */;
			buildPhases = (
				3011123A2B96AEBC0035D079 /* Sources */,
				3011123B2B96AEBC0035D079 /* Frameworks */,
				3011123C2B96AEBC0035D079 /* Resources */,
			);
			buildRules = (
			);
			dependencies = (
				301112432B96AEBC0035D079 /* PBXTargetDependency */,
			);
			name = BoBTests;
			productName = BoBTests;
			productReference = 3011123E2B96AEBC0035D079 /* BoBTests.xctest */;
			productType = "com.apple.product-type.bundle.unit-test";
		};
		3011124A2B96B17E0035D079 /* watchBoB Watch AppTests */ = {
			isa = PBXNativeTarget;
			buildConfigurationList = 301112512B96B17E0035D079 /* Build configuration list for PBXNativeTarget "watchBoB Watch AppTests" */;
			buildPhases = (
				301112472B96B17E0035D079 /* Sources */,
				301112482B96B17E0035D079 /* Frameworks */,
				301112492B96B17E0035D079 /* Resources */,
			);
			buildRules = (
			);
			dependencies = (
				301112502B96B17E0035D079 /* PBXTargetDependency */,
			);
			name = "watchBoB Watch AppTests";
			productName = "watchBoB Watch AppTests";
			productReference = 3011124B2B96B17E0035D079 /* watchBoB Watch AppTests.xctest */;
			productType = "com.apple.product-type.bundle.unit-test";
		};
		97DF8E942AE195FA00A33A80 /* BoB */ = {
			isa = PBXNativeTarget;
			buildConfigurationList = 97DF8EA32AE195FB00A33A80 /* Build configuration list for PBXNativeTarget "BoB" */;
			buildPhases = (
				97DF8E912AE195FA00A33A80 /* Sources */,
				97DF8E922AE195FA00A33A80 /* Frameworks */,
				97DF8E932AE195FA00A33A80 /* Resources */,
				97DF8EBB2AE1968600A33A80 /* Embed Watch Content */,
			);
			buildRules = (
			);
			dependencies = (
				97DF8EB62AE1968600A33A80 /* PBXTargetDependency */,
			);
			name = BoB;
			productName = BoB;
			productReference = 97DF8E952AE195FA00A33A80 /* BoB.app */;
			productType = "com.apple.product-type.application";
		};
		97DF8EA92AE1968500A33A80 /* watchBoB Watch App */ = {
			isa = PBXNativeTarget;
			buildConfigurationList = 97DF8EB82AE1968600A33A80 /* Build configuration list for PBXNativeTarget "watchBoB Watch App" */;
			buildPhases = (
				97DF8EA62AE1968500A33A80 /* Sources */,
				97DF8EA72AE1968500A33A80 /* Frameworks */,
				97DF8EA82AE1968500A33A80 /* Resources */,
			);
			buildRules = (
			);
			dependencies = (
			);
			name = "watchBoB Watch App";
			productName = "watchBoB Watch App";
			productReference = 97DF8EAA2AE1968500A33A80 /* BoB.app */;
			productType = "com.apple.product-type.application";
		};
/* End PBXNativeTarget section */

/* Begin PBXProject section */
		97DF8E8D2AE195FA00A33A80 /* Project object */ = {
			isa = PBXProject;
			attributes = {
				BuildIndependentTargetsInParallel = 1;
				LastSwiftUpdateCheck = 1520;
				LastUpgradeCheck = 1500;
				TargetAttributes = {
					3011123D2B96AEBC0035D079 = {
						CreatedOnToolsVersion = 15.2;
						TestTargetID = 97DF8E942AE195FA00A33A80;
					};
					3011124A2B96B17E0035D079 = {
						CreatedOnToolsVersion = 15.2;
						TestTargetID = 97DF8EA92AE1968500A33A80;
					};
					97DF8E942AE195FA00A33A80 = {
						CreatedOnToolsVersion = 15.0;
					};
					97DF8EA92AE1968500A33A80 = {
						CreatedOnToolsVersion = 15.0;
					};
				};
			};
			buildConfigurationList = 97DF8E902AE195FA00A33A80 /* Build configuration list for PBXProject "BoB" */;
			compatibilityVersion = "Xcode 14.0";
			developmentRegion = en;
			hasScannedForEncodings = 0;
			knownRegions = (
				en,
				Base,
			);
			mainGroup = 97DF8E8C2AE195FA00A33A80;
			productRefGroup = 97DF8E962AE195FA00A33A80 /* Products */;
			projectDirPath = "";
			projectRoot = "";
			targets = (
				97DF8E942AE195FA00A33A80 /* BoB */,
				97DF8EA92AE1968500A33A80 /* watchBoB Watch App */,
				3011123D2B96AEBC0035D079 /* BoBTests */,
				3011124A2B96B17E0035D079 /* watchBoB Watch AppTests */,
			);
		};
/* End PBXProject section */

/* Begin PBXResourcesBuildPhase section */
		3011123C2B96AEBC0035D079 /* Resources */ = {
			isa = PBXResourcesBuildPhase;
			buildActionMask = 2147483647;
			files = (
			);
			runOnlyForDeploymentPostprocessing = 0;
		};
		301112492B96B17E0035D079 /* Resources */ = {
			isa = PBXResourcesBuildPhase;
			buildActionMask = 2147483647;
			files = (
			);
			runOnlyForDeploymentPostprocessing = 0;
		};
		97DF8E932AE195FA00A33A80 /* Resources */ = {
			isa = PBXResourcesBuildPhase;
			buildActionMask = 2147483647;
			files = (
				97DF8EA02AE195FB00A33A80 /* Preview Assets.xcassets in Resources */,
				97DF8E9D2AE195FB00A33A80 /* Assets.xcassets in Resources */,
			);
			runOnlyForDeploymentPostprocessing = 0;
		};
		97DF8EA82AE1968500A33A80 /* Resources */ = {
			isa = PBXResourcesBuildPhase;
			buildActionMask = 2147483647;
			files = (
				97DF8EB42AE1968600A33A80 /* Preview Assets.xcassets in Resources */,
				97DF8EB12AE1968600A33A80 /* Assets.xcassets in Resources */,
			);
			runOnlyForDeploymentPostprocessing = 0;
		};
/* End PBXResourcesBuildPhase section */

/* Begin PBXSourcesBuildPhase section */
		3011123A2B96AEBC0035D079 /* Sources */ = {
			isa = PBXSourcesBuildPhase;
			buildActionMask = 2147483647;
			files = (
			);
			runOnlyForDeploymentPostprocessing = 0;
		};
		301112472B96B17E0035D079 /* Sources */ = {
			isa = PBXSourcesBuildPhase;
			buildActionMask = 2147483647;
			files = (
			);
			runOnlyForDeploymentPostprocessing = 0;
		};
		97DF8E912AE195FA00A33A80 /* Sources */ = {
			isa = PBXSourcesBuildPhase;
			buildActionMask = 2147483647;
			files = (
				97B1CED82C22041D00F771FB /* TimeStampManager.swift in Sources */,
				FCBA60C02C65490400E01B1F /* GPSData.swift in Sources */,
				977E74C82BE98952009A36AD /* SampleSet+CoreDataClass.swift in Sources */,
				977E74C92BE98955009A36AD /* SampleSet+CoreDataProperties.swift in Sources */,
				9749DA442C0F532A00E2EA84 /* CoreDataController.swift in Sources */,
				977E74CA2BE98957009A36AD /* SensorSample+CoreDataClass.swift in Sources */,
				97E505832B472F9700334D6F /* LogbookDetail.swift in Sources */,
				977E74CB2BE9895A009A36AD /* SensorSample+CoreDataProperties.swift in Sources */,
				977E74CC2BE9895D009A36AD /* Bob.xcdatamodeld in Sources */,
				97DF8E9B2AE195FA00A33A80 /* ContentView.swift in Sources */,
				97DF8E992AE195FA00A33A80 /* BoBApp.swift in Sources */,
				972889962BE2F5E500BB9A14 /* PhoneSessionManager.swift in Sources */,
				9794676F2BEE8A0D00DF6E0B /* ListRow.swift in Sources */,
			);
			runOnlyForDeploymentPostprocessing = 0;
		};
		97DF8EA62AE1968500A33A80 /* Sources */ = {
			isa = PBXSourcesBuildPhase;
			buildActionMask = 2147483647;
			files = (
				97349CEB2AF1679300021CA3 /* RawMotionRow.swift in Sources */,
				97B104A32AE7160200FE81DC /* LogbookDetail.swift in Sources */,
				972889942BE2F3D200BB9A14 /* WatchSessionManager.swift in Sources */,
				97DF8EAF2AE1968500A33A80 /* ContentView.swift in Sources */,
				97DF8EAD2AE1968500A33A80 /* watchBoBApp.swift in Sources */,
				978D10672AE3049400310B26 /* LogbookView.swift in Sources */,
				97DF8EBD2AE1D9AF00A33A80 /* LogDataView.swift in Sources */,
				97CE319C2AED6ADE009335C9 /* LocationDataManager.swift in Sources */,
				97B104AA2AE9771700FE81DC /* SensorManager.swift in Sources */,
				97FC9EE62C1CFA1D0076F30E /* WatchSensorData.swift in Sources */,
				9797363E2AEB15B8009BCFF0 /* Bob.xcdatamodeld in Sources */,
				97FAC84D2BD850A4003E65E7 /* SampleSet+CoreDataClass.swift in Sources */,
				FCBA60C12C65490400E01B1F /* GPSData.swift in Sources */,
				97FAC84E2BD850A4003E65E7 /* SampleSet+CoreDataProperties.swift in Sources */,
				97FAC84F2BD850A4003E65E7 /* SensorSample+CoreDataClass.swift in Sources */,
				97FAC8502BD850A4003E65E7 /* SensorSample+CoreDataProperties.swift in Sources */,
				97B1CED92C22041D00F771FB /* TimeStampManager.swift in Sources */,
				979736402AEB1AB4009BCFF0 /* CoreDataController.swift in Sources */,
				978D107A2AE70F8F00310B26 /* LogbookRow.swift in Sources */,
				3001E6FA2B8426E0003B09B1 /* MetadataLogger.swift in Sources */,
			);
			runOnlyForDeploymentPostprocessing = 0;
		};
/* End PBXSourcesBuildPhase section */

/* Begin PBXTargetDependency section */
		301112432B96AEBC0035D079 /* PBXTargetDependency */ = {
			isa = PBXTargetDependency;
			target = 97DF8E942AE195FA00A33A80 /* BoB */;
			targetProxy = 301112422B96AEBC0035D079 /* PBXContainerItemProxy */;
		};
		301112502B96B17E0035D079 /* PBXTargetDependency */ = {
			isa = PBXTargetDependency;
			target = 97DF8EA92AE1968500A33A80 /* watchBoB Watch App */;
			targetProxy = 3011124F2B96B17E0035D079 /* PBXContainerItemProxy */;
		};
		97DF8EB62AE1968600A33A80 /* PBXTargetDependency */ = {
			isa = PBXTargetDependency;
			target = 97DF8EA92AE1968500A33A80 /* watchBoB Watch App */;
			targetProxy = 97DF8EB52AE1968600A33A80 /* PBXContainerItemProxy */;
		};
/* End PBXTargetDependency section */

/* Begin XCBuildConfiguration section */
		301112452B96AEBC0035D079 /* Debug */ = {
			isa = XCBuildConfiguration;
			buildSettings = {
				BUNDLE_LOADER = "$(TEST_HOST)";
				CODE_SIGN_STYLE = Automatic;
				CURRENT_PROJECT_VERSION = 1;
				DEVELOPMENT_TEAM = N3E5MM8C9V;
				GENERATE_INFOPLIST_FILE = YES;
				IPHONEOS_DEPLOYMENT_TARGET = 17.2;
				MARKETING_VERSION = 1.0;
				PRODUCT_BUNDLE_IDENTIFIER = com.ramarparham.BoBTests;
				PRODUCT_NAME = "$(TARGET_NAME)";
				SWIFT_EMIT_LOC_STRINGS = NO;
				SWIFT_VERSION = 5.0;
				TARGETED_DEVICE_FAMILY = "1,2";
				TEST_HOST = "$(BUILT_PRODUCTS_DIR)/BoB.app/$(BUNDLE_EXECUTABLE_FOLDER_PATH)/BoB";
			};
			name = Debug;
		};
		301112462B96AEBC0035D079 /* Release */ = {
			isa = XCBuildConfiguration;
			buildSettings = {
				BUNDLE_LOADER = "$(TEST_HOST)";
				CODE_SIGN_STYLE = Automatic;
				CURRENT_PROJECT_VERSION = 1;
				DEVELOPMENT_TEAM = N3E5MM8C9V;
				GENERATE_INFOPLIST_FILE = YES;
				IPHONEOS_DEPLOYMENT_TARGET = 17.2;
				MARKETING_VERSION = 1.0;
				PRODUCT_BUNDLE_IDENTIFIER = com.ramarparham.BoBTests;
				PRODUCT_NAME = "$(TARGET_NAME)";
				SWIFT_EMIT_LOC_STRINGS = NO;
				SWIFT_VERSION = 5.0;
				TARGETED_DEVICE_FAMILY = "1,2";
				TEST_HOST = "$(BUILT_PRODUCTS_DIR)/BoB.app/$(BUNDLE_EXECUTABLE_FOLDER_PATH)/BoB";
			};
			name = Release;
		};
		301112522B96B17E0035D079 /* Debug */ = {
			isa = XCBuildConfiguration;
			buildSettings = {
				BUNDLE_LOADER = "$(TEST_HOST)";
				CODE_SIGN_STYLE = Automatic;
				CURRENT_PROJECT_VERSION = 1;
				DEVELOPMENT_TEAM = N3E5MM8C9V;
				GENERATE_INFOPLIST_FILE = YES;
				MARKETING_VERSION = 1.0;
				PRODUCT_BUNDLE_IDENTIFIER = "com.ramarparham.watchBoB-Watch-AppTests";
				PRODUCT_NAME = "$(TARGET_NAME)";
				SDKROOT = watchos;
				SWIFT_EMIT_LOC_STRINGS = NO;
				SWIFT_VERSION = 5.0;
				TARGETED_DEVICE_FAMILY = 4;
				TEST_HOST = "$(BUILT_PRODUCTS_DIR)/watchBoB Watch App.app/$(BUNDLE_EXECUTABLE_FOLDER_PATH)/watchBoB Watch App";
				WATCHOS_DEPLOYMENT_TARGET = 10.2;
			};
			name = Debug;
		};
		301112532B96B17E0035D079 /* Release */ = {
			isa = XCBuildConfiguration;
			buildSettings = {
				BUNDLE_LOADER = "$(TEST_HOST)";
				CODE_SIGN_STYLE = Automatic;
				CURRENT_PROJECT_VERSION = 1;
				DEVELOPMENT_TEAM = N3E5MM8C9V;
				GENERATE_INFOPLIST_FILE = YES;
				MARKETING_VERSION = 1.0;
				PRODUCT_BUNDLE_IDENTIFIER = "com.ramarparham.watchBoB-Watch-AppTests";
				PRODUCT_NAME = "$(TARGET_NAME)";
				SDKROOT = watchos;
				SWIFT_EMIT_LOC_STRINGS = NO;
				SWIFT_VERSION = 5.0;
				TARGETED_DEVICE_FAMILY = 4;
				TEST_HOST = "$(BUILT_PRODUCTS_DIR)/watchBoB Watch App.app/$(BUNDLE_EXECUTABLE_FOLDER_PATH)/watchBoB Watch App";
				WATCHOS_DEPLOYMENT_TARGET = 10.2;
			};
			name = Release;
		};
		97DF8EA12AE195FB00A33A80 /* Debug */ = {
			isa = XCBuildConfiguration;
			buildSettings = {
				ALWAYS_SEARCH_USER_PATHS = NO;
				ASSETCATALOG_COMPILER_GENERATE_SWIFT_ASSET_SYMBOL_EXTENSIONS = YES;
				CLANG_ANALYZER_NONNULL = YES;
				CLANG_ANALYZER_NUMBER_OBJECT_CONVERSION = YES_AGGRESSIVE;
				CLANG_CXX_LANGUAGE_STANDARD = "gnu++20";
				CLANG_ENABLE_MODULES = YES;
				CLANG_ENABLE_OBJC_ARC = YES;
				CLANG_ENABLE_OBJC_WEAK = YES;
				CLANG_WARN_BLOCK_CAPTURE_AUTORELEASING = YES;
				CLANG_WARN_BOOL_CONVERSION = YES;
				CLANG_WARN_COMMA = YES;
				CLANG_WARN_CONSTANT_CONVERSION = YES;
				CLANG_WARN_DEPRECATED_OBJC_IMPLEMENTATIONS = YES;
				CLANG_WARN_DIRECT_OBJC_ISA_USAGE = YES_ERROR;
				CLANG_WARN_DOCUMENTATION_COMMENTS = YES;
				CLANG_WARN_EMPTY_BODY = YES;
				CLANG_WARN_ENUM_CONVERSION = YES;
				CLANG_WARN_INFINITE_RECURSION = YES;
				CLANG_WARN_INT_CONVERSION = YES;
				CLANG_WARN_NON_LITERAL_NULL_CONVERSION = YES;
				CLANG_WARN_OBJC_IMPLICIT_RETAIN_SELF = YES;
				CLANG_WARN_OBJC_LITERAL_CONVERSION = YES;
				CLANG_WARN_OBJC_ROOT_CLASS = YES_ERROR;
				CLANG_WARN_QUOTED_INCLUDE_IN_FRAMEWORK_HEADER = YES;
				CLANG_WARN_RANGE_LOOP_ANALYSIS = YES;
				CLANG_WARN_STRICT_PROTOTYPES = YES;
				CLANG_WARN_SUSPICIOUS_MOVE = YES;
				CLANG_WARN_UNGUARDED_AVAILABILITY = YES_AGGRESSIVE;
				CLANG_WARN_UNREACHABLE_CODE = YES;
				CLANG_WARN__DUPLICATE_METHOD_MATCH = YES;
				COPY_PHASE_STRIP = NO;
				DEBUG_INFORMATION_FORMAT = dwarf;
				ENABLE_STRICT_OBJC_MSGSEND = YES;
				ENABLE_TESTABILITY = YES;
				ENABLE_USER_SCRIPT_SANDBOXING = YES;
				GCC_C_LANGUAGE_STANDARD = gnu17;
				GCC_DYNAMIC_NO_PIC = NO;
				GCC_NO_COMMON_BLOCKS = YES;
				GCC_OPTIMIZATION_LEVEL = 0;
				GCC_PREPROCESSOR_DEFINITIONS = (
					"DEBUG=1",
					"$(inherited)",
				);
				GCC_WARN_64_TO_32_BIT_CONVERSION = YES;
				GCC_WARN_ABOUT_RETURN_TYPE = YES_ERROR;
				GCC_WARN_UNDECLARED_SELECTOR = YES;
				GCC_WARN_UNINITIALIZED_AUTOS = YES_AGGRESSIVE;
				GCC_WARN_UNUSED_FUNCTION = YES;
				GCC_WARN_UNUSED_VARIABLE = YES;
				IPHONEOS_DEPLOYMENT_TARGET = 17.0;
				LOCALIZATION_PREFERS_STRING_CATALOGS = YES;
				MTL_ENABLE_DEBUG_INFO = INCLUDE_SOURCE;
				MTL_FAST_MATH = YES;
				ONLY_ACTIVE_ARCH = YES;
				SDKROOT = iphoneos;
				SWIFT_ACTIVE_COMPILATION_CONDITIONS = "DEBUG $(inherited)";
				SWIFT_OPTIMIZATION_LEVEL = "-Onone";
			};
			name = Debug;
		};
		97DF8EA22AE195FB00A33A80 /* Release */ = {
			isa = XCBuildConfiguration;
			buildSettings = {
				ALWAYS_SEARCH_USER_PATHS = NO;
				ASSETCATALOG_COMPILER_GENERATE_SWIFT_ASSET_SYMBOL_EXTENSIONS = YES;
				CLANG_ANALYZER_NONNULL = YES;
				CLANG_ANALYZER_NUMBER_OBJECT_CONVERSION = YES_AGGRESSIVE;
				CLANG_CXX_LANGUAGE_STANDARD = "gnu++20";
				CLANG_ENABLE_MODULES = YES;
				CLANG_ENABLE_OBJC_ARC = YES;
				CLANG_ENABLE_OBJC_WEAK = YES;
				CLANG_WARN_BLOCK_CAPTURE_AUTORELEASING = YES;
				CLANG_WARN_BOOL_CONVERSION = YES;
				CLANG_WARN_COMMA = YES;
				CLANG_WARN_CONSTANT_CONVERSION = YES;
				CLANG_WARN_DEPRECATED_OBJC_IMPLEMENTATIONS = YES;
				CLANG_WARN_DIRECT_OBJC_ISA_USAGE = YES_ERROR;
				CLANG_WARN_DOCUMENTATION_COMMENTS = YES;
				CLANG_WARN_EMPTY_BODY = YES;
				CLANG_WARN_ENUM_CONVERSION = YES;
				CLANG_WARN_INFINITE_RECURSION = YES;
				CLANG_WARN_INT_CONVERSION = YES;
				CLANG_WARN_NON_LITERAL_NULL_CONVERSION = YES;
				CLANG_WARN_OBJC_IMPLICIT_RETAIN_SELF = YES;
				CLANG_WARN_OBJC_LITERAL_CONVERSION = YES;
				CLANG_WARN_OBJC_ROOT_CLASS = YES_ERROR;
				CLANG_WARN_QUOTED_INCLUDE_IN_FRAMEWORK_HEADER = YES;
				CLANG_WARN_RANGE_LOOP_ANALYSIS = YES;
				CLANG_WARN_STRICT_PROTOTYPES = YES;
				CLANG_WARN_SUSPICIOUS_MOVE = YES;
				CLANG_WARN_UNGUARDED_AVAILABILITY = YES_AGGRESSIVE;
				CLANG_WARN_UNREACHABLE_CODE = YES;
				CLANG_WARN__DUPLICATE_METHOD_MATCH = YES;
				COPY_PHASE_STRIP = NO;
				DEBUG_INFORMATION_FORMAT = "dwarf-with-dsym";
				ENABLE_NS_ASSERTIONS = NO;
				ENABLE_STRICT_OBJC_MSGSEND = YES;
				ENABLE_USER_SCRIPT_SANDBOXING = YES;
				GCC_C_LANGUAGE_STANDARD = gnu17;
				GCC_NO_COMMON_BLOCKS = YES;
				GCC_WARN_64_TO_32_BIT_CONVERSION = YES;
				GCC_WARN_ABOUT_RETURN_TYPE = YES_ERROR;
				GCC_WARN_UNDECLARED_SELECTOR = YES;
				GCC_WARN_UNINITIALIZED_AUTOS = YES_AGGRESSIVE;
				GCC_WARN_UNUSED_FUNCTION = YES;
				GCC_WARN_UNUSED_VARIABLE = YES;
				IPHONEOS_DEPLOYMENT_TARGET = 17.0;
				LOCALIZATION_PREFERS_STRING_CATALOGS = YES;
				MTL_ENABLE_DEBUG_INFO = NO;
				MTL_FAST_MATH = YES;
				SDKROOT = iphoneos;
				SWIFT_COMPILATION_MODE = wholemodule;
				VALIDATE_PRODUCT = YES;
			};
			name = Release;
		};
		97DF8EA42AE195FB00A33A80 /* Debug */ = {
			isa = XCBuildConfiguration;
			buildSettings = {
				ALWAYS_EMBED_SWIFT_STANDARD_LIBRARIES = YES;
				ASSETCATALOG_COMPILER_APPICON_NAME = AppIcon;
				ASSETCATALOG_COMPILER_GLOBAL_ACCENT_COLOR_NAME = AccentColor;
				CODE_SIGN_ENTITLEMENTS = BoB/BoB.entitlements;
				CODE_SIGN_IDENTITY = "Apple Development";
				CODE_SIGN_STYLE = Automatic;
				CURRENT_PROJECT_VERSION = 1;
				DEVELOPMENT_ASSET_PATHS = "\"BoB/Preview Content\"";
				DEVELOPMENT_TEAM = FPDAJG7FA2;
				ENABLE_PREVIEWS = YES;
				GENERATE_INFOPLIST_FILE = YES;
				INFOPLIST_FILE = BoB/Info.plist;
				INFOPLIST_KEY_NSMotionUsageDescription = "Using motion in the app to find waves";
				INFOPLIST_KEY_UIApplicationSceneManifest_Generation = YES;
				INFOPLIST_KEY_UIApplicationSupportsIndirectInputEvents = YES;
				INFOPLIST_KEY_UILaunchScreen_Generation = YES;
				INFOPLIST_KEY_UISupportedInterfaceOrientations_iPad = "UIInterfaceOrientationPortrait UIInterfaceOrientationPortraitUpsideDown UIInterfaceOrientationLandscapeLeft UIInterfaceOrientationLandscapeRight";
				INFOPLIST_KEY_UISupportedInterfaceOrientations_iPhone = "UIInterfaceOrientationPortrait UIInterfaceOrientationLandscapeLeft UIInterfaceOrientationLandscapeRight";
				IPHONEOS_DEPLOYMENT_TARGET = 17.0;
				LD_RUNPATH_SEARCH_PATHS = (
					"$(inherited)",
					"@executable_path/Frameworks",
				);
				MARKETING_VERSION = 1.0;
				PRODUCT_BUNDLE_IDENTIFIER = com.TiniScientific.BoB;
				PRODUCT_NAME = "$(TARGET_NAME)";
				PROVISIONING_PROFILE_SPECIFIER = "";
				SWIFT_EMIT_LOC_STRINGS = YES;
				SWIFT_VERSION = 5.0;
				TARGETED_DEVICE_FAMILY = "1,2";
			};
			name = Debug;
		};
		97DF8EA52AE195FB00A33A80 /* Release */ = {
			isa = XCBuildConfiguration;
			buildSettings = {
				ALWAYS_EMBED_SWIFT_STANDARD_LIBRARIES = YES;
				ASSETCATALOG_COMPILER_APPICON_NAME = AppIcon;
				ASSETCATALOG_COMPILER_GLOBAL_ACCENT_COLOR_NAME = AccentColor;
				CODE_SIGN_ENTITLEMENTS = BoB/BoB.entitlements;
				CODE_SIGN_IDENTITY = "Apple Development";
				CODE_SIGN_STYLE = Automatic;
				CURRENT_PROJECT_VERSION = 1;
				DEVELOPMENT_ASSET_PATHS = "\"BoB/Preview Content\"";
				DEVELOPMENT_TEAM = FPDAJG7FA2;
				ENABLE_PREVIEWS = YES;
				GENERATE_INFOPLIST_FILE = YES;
				INFOPLIST_FILE = BoB/Info.plist;
				INFOPLIST_KEY_NSMotionUsageDescription = "Using motion in the app to find waves";
				INFOPLIST_KEY_UIApplicationSceneManifest_Generation = YES;
				INFOPLIST_KEY_UIApplicationSupportsIndirectInputEvents = YES;
				INFOPLIST_KEY_UILaunchScreen_Generation = YES;
				INFOPLIST_KEY_UISupportedInterfaceOrientations_iPad = "UIInterfaceOrientationPortrait UIInterfaceOrientationPortraitUpsideDown UIInterfaceOrientationLandscapeLeft UIInterfaceOrientationLandscapeRight";
				INFOPLIST_KEY_UISupportedInterfaceOrientations_iPhone = "UIInterfaceOrientationPortrait UIInterfaceOrientationLandscapeLeft UIInterfaceOrientationLandscapeRight";
				IPHONEOS_DEPLOYMENT_TARGET = 17.0;
				LD_RUNPATH_SEARCH_PATHS = (
					"$(inherited)",
					"@executable_path/Frameworks",
				);
				MARKETING_VERSION = 1.0;
				PRODUCT_BUNDLE_IDENTIFIER = com.TiniScientific.BoB;
				PRODUCT_NAME = "$(TARGET_NAME)";
				PROVISIONING_PROFILE_SPECIFIER = "";
				SWIFT_EMIT_LOC_STRINGS = YES;
				SWIFT_VERSION = 5.0;
				TARGETED_DEVICE_FAMILY = "1,2";
			};
			name = Release;
		};
		97DF8EB92AE1968600A33A80 /* Debug */ = {
			isa = XCBuildConfiguration;
			buildSettings = {
				ASSETCATALOG_COMPILER_APPICON_NAME = AppIcon;
				ASSETCATALOG_COMPILER_GLOBAL_ACCENT_COLOR_NAME = AccentColor;
				CODE_SIGN_ENTITLEMENTS = "watchBoB Watch App/watchBoB Watch App.entitlements";
				CODE_SIGN_STYLE = Automatic;
				CURRENT_PROJECT_VERSION = 1;
				DEVELOPMENT_ASSET_PATHS = "\"watchBoB Watch App/Preview Content\"";
				DEVELOPMENT_TEAM = FPDAJG7FA2;
				ENABLE_PREVIEWS = YES;
				GENERATE_INFOPLIST_FILE = YES;
				INFOPLIST_FILE = "watchBoB-Watch-App-Info.plist";
				INFOPLIST_KEY_NSLocationWhenInUseUsageDescription = "Bob uses the location data to mark the start and end coordinates of a LogBook entry when taking data";
				INFOPLIST_KEY_NSMotionUsageDescription = "Using accelerometer data to show watch motion";
				INFOPLIST_KEY_UISupportedInterfaceOrientations = "UIInterfaceOrientationPortrait UIInterfaceOrientationPortraitUpsideDown";
				INFOPLIST_KEY_WKCompanionAppBundleIdentifier = com.TiniScientific.BoB;
				INFOPLIST_KEY_WKRunsIndependentlyOfCompanionApp = YES;
				LD_RUNPATH_SEARCH_PATHS = (
					"$(inherited)",
					"@executable_path/Frameworks",
				);
				MARKETING_VERSION = 1.0;
				PRODUCT_BUNDLE_IDENTIFIER = com.TiniScientific.BoB.watchkitapp;
				PRODUCT_NAME = BoB;
				SDKROOT = watchos;
				SKIP_INSTALL = YES;
				SWIFT_EMIT_LOC_STRINGS = YES;
				SWIFT_VERSION = 5.0;
				TARGETED_DEVICE_FAMILY = 4;
				WATCHOS_DEPLOYMENT_TARGET = 10.0;
			};
			name = Debug;
		};
		97DF8EBA2AE1968600A33A80 /* Release */ = {
			isa = XCBuildConfiguration;
			buildSettings = {
				ASSETCATALOG_COMPILER_APPICON_NAME = AppIcon;
				ASSETCATALOG_COMPILER_GLOBAL_ACCENT_COLOR_NAME = AccentColor;
				CODE_SIGN_ENTITLEMENTS = "watchBoB Watch App/watchBoB Watch App.entitlements";
				CODE_SIGN_STYLE = Automatic;
				CURRENT_PROJECT_VERSION = 1;
				DEVELOPMENT_ASSET_PATHS = "\"watchBoB Watch App/Preview Content\"";
				DEVELOPMENT_TEAM = FPDAJG7FA2;
				ENABLE_PREVIEWS = YES;
				GENERATE_INFOPLIST_FILE = YES;
				INFOPLIST_FILE = "watchBoB-Watch-App-Info.plist";
				INFOPLIST_KEY_NSLocationWhenInUseUsageDescription = "Bob uses the location data to mark the start and end coordinates of a LogBook entry when taking data";
				INFOPLIST_KEY_NSMotionUsageDescription = "Using accelerometer data to show watch motion";
				INFOPLIST_KEY_UISupportedInterfaceOrientations = "UIInterfaceOrientationPortrait UIInterfaceOrientationPortraitUpsideDown";
				INFOPLIST_KEY_WKCompanionAppBundleIdentifier = com.TiniScientific.BoB;
				INFOPLIST_KEY_WKRunsIndependentlyOfCompanionApp = YES;
				LD_RUNPATH_SEARCH_PATHS = (
					"$(inherited)",
					"@executable_path/Frameworks",
				);
				MARKETING_VERSION = 1.0;
				PRODUCT_BUNDLE_IDENTIFIER = com.TiniScientific.BoB.watchkitapp;
				PRODUCT_NAME = BoB;
				SDKROOT = watchos;
				SKIP_INSTALL = YES;
				SWIFT_EMIT_LOC_STRINGS = YES;
				SWIFT_VERSION = 5.0;
				TARGETED_DEVICE_FAMILY = 4;
				WATCHOS_DEPLOYMENT_TARGET = 10.0;
			};
			name = Release;
		};
/* End XCBuildConfiguration section */

/* Begin XCConfigurationList section */
		301112442B96AEBC0035D079 /* Build configuration list for PBXNativeTarget "BoBTests" */ = {
			isa = XCConfigurationList;
			buildConfigurations = (
				301112452B96AEBC0035D079 /* Debug */,
				301112462B96AEBC0035D079 /* Release */,
			);
			defaultConfigurationIsVisible = 0;
			defaultConfigurationName = Release;
		};
		301112512B96B17E0035D079 /* Build configuration list for PBXNativeTarget "watchBoB Watch AppTests" */ = {
			isa = XCConfigurationList;
			buildConfigurations = (
				301112522B96B17E0035D079 /* Debug */,
				301112532B96B17E0035D079 /* Release */,
			);
			defaultConfigurationIsVisible = 0;
			defaultConfigurationName = Release;
		};
		97DF8E902AE195FA00A33A80 /* Build configuration list for PBXProject "BoB" */ = {
			isa = XCConfigurationList;
			buildConfigurations = (
				97DF8EA12AE195FB00A33A80 /* Debug */,
				97DF8EA22AE195FB00A33A80 /* Release */,
			);
			defaultConfigurationIsVisible = 0;
			defaultConfigurationName = Release;
		};
		97DF8EA32AE195FB00A33A80 /* Build configuration list for PBXNativeTarget "BoB" */ = {
			isa = XCConfigurationList;
			buildConfigurations = (
				97DF8EA42AE195FB00A33A80 /* Debug */,
				97DF8EA52AE195FB00A33A80 /* Release */,
			);
			defaultConfigurationIsVisible = 0;
			defaultConfigurationName = Release;
		};
		97DF8EB82AE1968600A33A80 /* Build configuration list for PBXNativeTarget "watchBoB Watch App" */ = {
			isa = XCConfigurationList;
			buildConfigurations = (
				97DF8EB92AE1968600A33A80 /* Debug */,
				97DF8EBA2AE1968600A33A80 /* Release */,
			);
			defaultConfigurationIsVisible = 0;
			defaultConfigurationName = Release;
		};
/* End XCConfigurationList section */

/* Begin XCVersionGroup section */
		9797363C2AEB15B8009BCFF0 /* Bob.xcdatamodeld */ = {
			isa = XCVersionGroup;
			children = (
				9797363D2AEB15B8009BCFF0 /* Bob.xcdatamodel */,
			);
			currentVersion = 9797363D2AEB15B8009BCFF0 /* Bob.xcdatamodel */;
			path = Bob.xcdatamodeld;
			sourceTree = "<group>";
			versionGroupType = wrapper.xcdatamodel;
		};
/* End XCVersionGroup section */
	};
	rootObject = 97DF8E8D2AE195FA00A33A80 /* Project object */;
}
